
Microsoft Visual Studio Solution File, Format Version 12.00
# Visual Studio Version 16
VisualStudioVersion = 16.0.30803.129
MinimumVisualStudioVersion = 10.0.40219.1
Project("{9A19103F-16F7-4668-BE54-9A1E7A4F7556}") = "Regul", "src\Regul\Regul.csproj", "{7984B601-282D-4F7C-8AFF-FA651BFBD106}"
	ProjectSection(ProjectDependencies) = postProject
		{5BB4D1C6-C87F-4E6A-A6B3-50A03974C159} = {5BB4D1C6-C87F-4E6A-A6B3-50A03974C159}
	EndProjectSection
EndProject
Project("{9A19103F-16F7-4668-BE54-9A1E7A4F7556}") = "Regul.S3PI", "src\Regul.S3PI\Regul.S3PI.csproj", "{C72762A8-2012-49C8-BD36-10A7138CAE05}"
EndProject
Project("{9A19103F-16F7-4668-BE54-9A1E7A4F7556}") = "Regul.OlibUI", "src\Regul.OlibUI\Regul.OlibUI.csproj", "{5BB4D1C6-C87F-4E6A-A6B3-50A03974C159}"
EndProject
Project("{9A19103F-16F7-4668-BE54-9A1E7A4F7556}") = "Regul.Instruments", "src\Regul.Instruments\Regul.Instruments.csproj", "{AA17DBB6-FF7B-4EB6-90AB-6EED66E957EF}"
EndProject
Global
	GlobalSection(SolutionConfigurationPlatforms) = preSolution
		Debug|Any CPU = Debug|Any CPU
		Release|Any CPU = Release|Any CPU
	EndGlobalSection
	GlobalSection(ProjectConfigurationPlatforms) = postSolution
		{7984B601-282D-4F7C-8AFF-FA651BFBD106}.Debug|Any CPU.ActiveCfg = Debug|Any CPU
		{7984B601-282D-4F7C-8AFF-FA651BFBD106}.Debug|Any CPU.Build.0 = Debug|Any CPU
		{7984B601-282D-4F7C-8AFF-FA651BFBD106}.Release|Any CPU.ActiveCfg = Release|Any CPU
		{7984B601-282D-4F7C-8AFF-FA651BFBD106}.Release|Any CPU.Build.0 = Release|Any CPU
		{C72762A8-2012-49C8-BD36-10A7138CAE05}.Debug|Any CPU.ActiveCfg = Debug|Any CPU
		{C72762A8-2012-49C8-BD36-10A7138CAE05}.Debug|Any CPU.Build.0 = Debug|Any CPU
		{C72762A8-2012-49C8-BD36-10A7138CAE05}.Release|Any CPU.ActiveCfg = Release|Any CPU
		{C72762A8-2012-49C8-BD36-10A7138CAE05}.Release|Any CPU.Build.0 = Release|Any CPU
		{5BB4D1C6-C87F-4E6A-A6B3-50A03974C159}.Debug|Any CPU.ActiveCfg = Debug|Any CPU
		{5BB4D1C6-C87F-4E6A-A6B3-50A03974C159}.Debug|Any CPU.Build.0 = Debug|Any CPU
		{5BB4D1C6-C87F-4E6A-A6B3-50A03974C159}.Release|Any CPU.ActiveCfg = Release|Any CPU
		{5BB4D1C6-C87F-4E6A-A6B3-50A03974C159}.Release|Any CPU.Build.0 = Release|Any CPU
		{AA17DBB6-FF7B-4EB6-90AB-6EED66E957EF}.Debug|Any CPU.ActiveCfg = Debug|Any CPU
		{AA17DBB6-FF7B-4EB6-90AB-6EED66E957EF}.Debug|Any CPU.Build.0 = Debug|Any CPU
		{AA17DBB6-FF7B-4EB6-90AB-6EED66E957EF}.Release|Any CPU.ActiveCfg = Release|Any CPU
		{AA17DBB6-FF7B-4EB6-90AB-6EED66E957EF}.Release|Any CPU.Build.0 = Release|Any CPU
	EndGlobalSection
	GlobalSection(SolutionProperties) = preSolution
		HideSolutionNode = FALSE
	EndGlobalSection
	GlobalSection(ExtensibilityGlobals) = postSolution
		SolutionGuid = {43DD1BEB-0B03-4140-8CBA-FC64D74A2C62}
	EndGlobalSection
EndGlobal
